{
  "name": "istqb-ctfl",
  "lockfileVersion": 3,
  "requires": true,
  "packages": {
    "": {
      "dependencies": {
        "@kinde-oss/kinde-auth-pkce-js": "^3.0.27"
      }
    },
    "node_modules/@kinde-oss/kinde-auth-pkce-js": {
      "version": "3.0.27",
      "resolved": "https://registry.npmjs.org/@kinde-oss/kinde-auth-pkce-js/-/kinde-auth-pkce-js-3.0.27.tgz",
      "integrity": "sha512-EjtphbGMPZ/z7dg5An3294X0hH3/p+P9f2bHdCv+uhGRTB7BtdL1ujcNkUl9TlIwGKD05sMe5PsJGKp+IhnU1g==",
      "dependencies": {
        "jwt-decode": "^4.0.0"
      }
    },
    "node_modules/jwt-decode": {
      "version": "4.0.0",
      "resolved": "https://registry.npmjs.org/jwt-decode/-/jwt-decode-4.0.0.tgz",
      "integrity": "sha512-+KJGIyHgkGuIq3IEBNftfhW/LfWhXUIY6OmyVWjliu5KH1y0fw7VQ8YndE2O4qZdMSd9SqbnC8GOcZEy0Om7sA==",
      "engines": {
        "node": ">=18"
      }
    }
  }
}
